
Microsoft Visual Studio Solution File, Format Version 12.00
# Visual Studio Version 17
VisualStudioVersion = 17.5.002.0
MinimumVisualStudioVersion = 10.0.40219.1
Project("{9A19103F-16F7-4668-BE54-9A1E7A4F7556}") = "Factory", "Factory.csproj", "{F820A58A-7AFC-4216-8A09-FE42C0944F25}"
EndProject
Global
	GlobalSection(SolutionConfigurationPlatforms) = preSolution
		Debug|Any CPU = Debug|Any CPU
		Release|Any CPU = Release|Any CPU
	EndGlobalSection
	GlobalSection(ProjectConfigurationPlatforms) = postSolution
		{F820A58A-7AFC-4216-8A09-FE42C0944F25}.Debug|Any CPU.ActiveCfg = Debug|Any CPU
		{F820A58A-7AFC-4216-8A09-FE42C0944F25}.Debug|Any CPU.Build.0 = Debug|Any CPU
		{F820A58A-7AFC-4216-8A09-FE42C0944F25}.Release|Any CPU.ActiveCfg = Release|Any CPU
		{F820A58A-7AFC-4216-8A09-FE42C0944F25}.Release|Any CPU.Build.0 = Release|Any CPU
	EndGlobalSection
	GlobalSection(SolutionProperties) = preSolution
		HideSolutionNode = FALSE
	EndGlobalSection
	GlobalSection(ExtensibilityGlobals) = postSolution
		SolutionGuid = {90A7B705-9363-4C57-9237-BF434FEEBF26}
	EndGlobalSection
EndGlobal
